// !$*UTF8*$!
{
	archiveVersion = 1;
	classes = {
	};
	objectVersion = 56;
	objects = {

/* Begin PBXBuildFile section */
		C97F94AC2AC84E3F00A3D26B /* AppDelegate.swift in Sources */ = {isa = PBXBuildFile; fileRef = C97F94AB2AC84E3F00A3D26B /* AppDelegate.swift */; };
		C97F94AE2AC84E3F00A3D26B /* SceneDelegate.swift in Sources */ = {isa = PBXBuildFile; fileRef = C97F94AD2AC84E3F00A3D26B /* SceneDelegate.swift */; };
		C97F94B52AC84E4000A3D26B /* Assets.xcassets in Resources */ = {isa = PBXBuildFile; fileRef = C97F94B42AC84E4000A3D26B /* Assets.xcassets */; };
		C97F94B82AC84E4100A3D26B /* LaunchScreen.storyboard in Resources */ = {isa = PBXBuildFile; fileRef = C97F94B62AC84E4100A3D26B /* LaunchScreen.storyboard */; };
		C97F94C02AC84FB500A3D26B /* CRTabBarController.swift in Sources */ = {isa = PBXBuildFile; fileRef = C97F94BF2AC84FB500A3D26B /* CRTabBarController.swift */; };
		C97F94C22AC8500400A3D26B /* HomeVC.swift in Sources */ = {isa = PBXBuildFile; fileRef = C97F94C12AC8500400A3D26B /* HomeVC.swift */; };
		C97F94C72AC8515B00A3D26B /* CRNavBarVC.swift in Sources */ = {isa = PBXBuildFile; fileRef = C97F94C62AC8515B00A3D26B /* CRNavBarVC.swift */; };
		C97F94CB2AC851B900A3D26B /* CRCircleButton.swift in Sources */ = {isa = PBXBuildFile; fileRef = C97F94CA2AC851B900A3D26B /* CRCircleButton.swift */; };
		C97F94CE2AC855C200A3D26B /* GFTitleLabel.swift in Sources */ = {isa = PBXBuildFile; fileRef = C97F94CC2AC855C200A3D26B /* GFTitleLabel.swift */; };
		C97F94D22AC855EE00A3D26B /* Color+Ext.swift in Sources */ = {isa = PBXBuildFile; fileRef = C97F94D12AC855EE00A3D26B /* Color+Ext.swift */; };
		C97F94D52AC8563B00A3D26B /* GFSecondaryTitleLabel.swift in Sources */ = {isa = PBXBuildFile; fileRef = C97F94D42AC8563B00A3D26B /* GFSecondaryTitleLabel.swift */; };
		C9FDF0A62AC98066005C4CA6 /* CoinItemCell.swift in Sources */ = {isa = PBXBuildFile; fileRef = C9FDF0A52AC98066005C4CA6 /* CoinItemCell.swift */; };
		C9FDF0A82AC9809F005C4CA6 /* GFAvatarImageView.swift in Sources */ = {isa = PBXBuildFile; fileRef = C9FDF0A72AC9809F005C4CA6 /* GFAvatarImageView.swift */; };
		C9FDF0AB2AC98351005C4CA6 /* NetworkManager.swift in Sources */ = {isa = PBXBuildFile; fileRef = C9FDF0AA2AC98351005C4CA6 /* NetworkManager.swift */; };
		C9FDF0AE2AC984D7005C4CA6 /* Coin.swift in Sources */ = {isa = PBXBuildFile; fileRef = C9FDF0AD2AC984D7005C4CA6 /* Coin.swift */; };
		C9FDF0B22AC98E3E005C4CA6 /* UIApplication+Ext.swift in Sources */ = {isa = PBXBuildFile; fileRef = C9FDF0AF2AC98E3E005C4CA6 /* UIApplication+Ext.swift */; };
		C9FDF0B32AC98E3E005C4CA6 /* Double+Ext.swift in Sources */ = {isa = PBXBuildFile; fileRef = C9FDF0B02AC98E3E005C4CA6 /* Double+Ext.swift */; };
		C9FDF0B42AC98E3E005C4CA6 /* Date+Ext.swift in Sources */ = {isa = PBXBuildFile; fileRef = C9FDF0B12AC98E3E005C4CA6 /* Date+Ext.swift */; };
		C9FDF0B62ACB4AC0005C4CA6 /* CoinsListVC.swift in Sources */ = {isa = PBXBuildFile; fileRef = C9FDF0B52ACB4AC0005C4CA6 /* CoinsListVC.swift */; };
		C9FDF0B82ACB4ACB005C4CA6 /* PortfolioCoinsListVC.swift in Sources */ = {isa = PBXBuildFile; fileRef = C9FDF0B72ACB4ACB005C4CA6 /* PortfolioCoinsListVC.swift */; };
		C9FDF0BB2ACBFE12005C4CA6 /* Statistic.swift in Sources */ = {isa = PBXBuildFile; fileRef = C9FDF0BA2ACBFE12005C4CA6 /* Statistic.swift */; };
		C9FDF0BD2ACBFE35005C4CA6 /* MarketData.swift in Sources */ = {isa = PBXBuildFile; fileRef = C9FDF0BC2ACBFE35005C4CA6 /* MarketData.swift */; };
		C9FDF0BF2ACBFF38005C4CA6 /* StatisticItemView.swift in Sources */ = {isa = PBXBuildFile; fileRef = C9FDF0BE2ACBFF38005C4CA6 /* StatisticItemView.swift */; };
		C9FDF0C32ACC0144005C4CA6 /* StatisticsVC.swift in Sources */ = {isa = PBXBuildFile; fileRef = C9FDF0C22ACC0144005C4CA6 /* StatisticsVC.swift */; };
/* End PBXBuildFile section */

/* Begin PBXFileReference section */
		C97F94A82AC84E3F00A3D26B /* CryptoApp.app */ = {isa = PBXFileReference; explicitFileType = wrapper.application; includeInIndex = 0; path = CryptoApp.app; sourceTree = BUILT_PRODUCTS_DIR; };
		C97F94AB2AC84E3F00A3D26B /* AppDelegate.swift */ = {isa = PBXFileReference; lastKnownFileType = sourcecode.swift; path = AppDelegate.swift; sourceTree = "<group>"; };
		C97F94AD2AC84E3F00A3D26B /* SceneDelegate.swift */ = {isa = PBXFileReference; lastKnownFileType = sourcecode.swift; path = SceneDelegate.swift; sourceTree = "<group>"; };
		C97F94B42AC84E4000A3D26B /* Assets.xcassets */ = {isa = PBXFileReference; lastKnownFileType = folder.assetcatalog; path = Assets.xcassets; sourceTree = "<group>"; };
		C97F94B72AC84E4100A3D26B /* Base */ = {isa = PBXFileReference; lastKnownFileType = file.storyboard; name = Base; path = Base.lproj/LaunchScreen.storyboard; sourceTree = "<group>"; };
		C97F94B92AC84E4100A3D26B /* Info.plist */ = {isa = PBXFileReference; lastKnownFileType = text.plist.xml; path = Info.plist; sourceTree = "<group>"; };
		C97F94BF2AC84FB500A3D26B /* CRTabBarController.swift */ = {isa = PBXFileReference; lastKnownFileType = sourcecode.swift; path = CRTabBarController.swift; sourceTree = "<group>"; };
		C97F94C12AC8500400A3D26B /* HomeVC.swift */ = {isa = PBXFileReference; lastKnownFileType = sourcecode.swift; path = HomeVC.swift; sourceTree = "<group>"; };
		C97F94C62AC8515B00A3D26B /* CRNavBarVC.swift */ = {isa = PBXFileReference; lastKnownFileType = sourcecode.swift; path = CRNavBarVC.swift; sourceTree = "<group>"; };
		C97F94CA2AC851B900A3D26B /* CRCircleButton.swift */ = {isa = PBXFileReference; lastKnownFileType = sourcecode.swift; path = CRCircleButton.swift; sourceTree = "<group>"; };
		C97F94CC2AC855C200A3D26B /* GFTitleLabel.swift */ = {isa = PBXFileReference; fileEncoding = 4; lastKnownFileType = sourcecode.swift; path = GFTitleLabel.swift; sourceTree = "<group>"; };
		C97F94D12AC855EE00A3D26B /* Color+Ext.swift */ = {isa = PBXFileReference; fileEncoding = 4; lastKnownFileType = sourcecode.swift; path = "Color+Ext.swift"; sourceTree = "<group>"; };
		C97F94D42AC8563B00A3D26B /* GFSecondaryTitleLabel.swift */ = {isa = PBXFileReference; fileEncoding = 4; lastKnownFileType = sourcecode.swift; path = GFSecondaryTitleLabel.swift; sourceTree = "<group>"; };
		C9FDF0A52AC98066005C4CA6 /* CoinItemCell.swift */ = {isa = PBXFileReference; lastKnownFileType = sourcecode.swift; path = CoinItemCell.swift; sourceTree = "<group>"; };
		C9FDF0A72AC9809F005C4CA6 /* GFAvatarImageView.swift */ = {isa = PBXFileReference; lastKnownFileType = sourcecode.swift; path = GFAvatarImageView.swift; sourceTree = "<group>"; };
		C9FDF0AA2AC98351005C4CA6 /* NetworkManager.swift */ = {isa = PBXFileReference; lastKnownFileType = sourcecode.swift; path = NetworkManager.swift; sourceTree = "<group>"; };
		C9FDF0AD2AC984D7005C4CA6 /* Coin.swift */ = {isa = PBXFileReference; lastKnownFileType = sourcecode.swift; path = Coin.swift; sourceTree = "<group>"; };
		C9FDF0AF2AC98E3E005C4CA6 /* UIApplication+Ext.swift */ = {isa = PBXFileReference; fileEncoding = 4; lastKnownFileType = sourcecode.swift; path = "UIApplication+Ext.swift"; sourceTree = "<group>"; };
		C9FDF0B02AC98E3E005C4CA6 /* Double+Ext.swift */ = {isa = PBXFileReference; fileEncoding = 4; lastKnownFileType = sourcecode.swift; path = "Double+Ext.swift"; sourceTree = "<group>"; };
		C9FDF0B12AC98E3E005C4CA6 /* Date+Ext.swift */ = {isa = PBXFileReference; fileEncoding = 4; lastKnownFileType = sourcecode.swift; path = "Date+Ext.swift"; sourceTree = "<group>"; };
		C9FDF0B52ACB4AC0005C4CA6 /* CoinsListVC.swift */ = {isa = PBXFileReference; lastKnownFileType = sourcecode.swift; path = CoinsListVC.swift; sourceTree = "<group>"; };
		C9FDF0B72ACB4ACB005C4CA6 /* PortfolioCoinsListVC.swift */ = {isa = PBXFileReference; lastKnownFileType = sourcecode.swift; path = PortfolioCoinsListVC.swift; sourceTree = "<group>"; };
		C9FDF0BA2ACBFE12005C4CA6 /* Statistic.swift */ = {isa = PBXFileReference; lastKnownFileType = sourcecode.swift; path = Statistic.swift; sourceTree = "<group>"; };
		C9FDF0BC2ACBFE35005C4CA6 /* MarketData.swift */ = {isa = PBXFileReference; lastKnownFileType = sourcecode.swift; path = MarketData.swift; sourceTree = "<group>"; };
		C9FDF0BE2ACBFF38005C4CA6 /* StatisticItemView.swift */ = {isa = PBXFileReference; lastKnownFileType = sourcecode.swift; path = StatisticItemView.swift; sourceTree = "<group>"; };
		C9FDF0C22ACC0144005C4CA6 /* StatisticsVC.swift */ = {isa = PBXFileReference; lastKnownFileType = sourcecode.swift; path = StatisticsVC.swift; sourceTree = "<group>"; };
/* End PBXFileReference section */

/* Begin PBXFrameworksBuildPhase section */
		C97F94A52AC84E3F00A3D26B /* Frameworks */ = {
			isa = PBXFrameworksBuildPhase;
			buildActionMask = 2147483647;
			files = (
			);
			runOnlyForDeploymentPostprocessing = 0;
		};
/* End PBXFrameworksBuildPhase section */

/* Begin PBXGroup section */
		C97F949F2AC84E3F00A3D26B = {
			isa = PBXGroup;
			children = (
				C97F94AA2AC84E3F00A3D26B /* CryptoApp */,
				C97F94A92AC84E3F00A3D26B /* Products */,
			);
			sourceTree = "<group>";
		};
		C97F94A92AC84E3F00A3D26B /* Products */ = {
			isa = PBXGroup;
			children = (
				C97F94A82AC84E3F00A3D26B /* CryptoApp.app */,
			);
			name = Products;
			sourceTree = "<group>";
		};
		C97F94AA2AC84E3F00A3D26B /* CryptoApp */ = {
			isa = PBXGroup;
			children = (
				C9FDF0AC2AC984D0005C4CA6 /* Models */,
				C9FDF0A92AC98341005C4CA6 /* Networking */,
				C97F94D32AC855FC00A3D26B /* Extensions */,
				C97F94C52AC850EC00A3D26B /* ViewComponents */,
				C97F94C42AC850D600A3D26B /* Utilities */,
				C97F94C32AC850C400A3D26B /* ViewControllers */,
				C97F94B42AC84E4000A3D26B /* Assets.xcassets */,
				C97F94B62AC84E4100A3D26B /* LaunchScreen.storyboard */,
				C97F94B92AC84E4100A3D26B /* Info.plist */,
			);
			path = CryptoApp;
			sourceTree = "<group>";
		};
		C97F94C32AC850C400A3D26B /* ViewControllers */ = {
			isa = PBXGroup;
			children = (
				C97F94C12AC8500400A3D26B /* HomeVC.swift */,
				C9FDF0B52ACB4AC0005C4CA6 /* CoinsListVC.swift */,
				C9FDF0B72ACB4ACB005C4CA6 /* PortfolioCoinsListVC.swift */,
			);
			path = ViewControllers;
			sourceTree = "<group>";
		};
		C97F94C42AC850D600A3D26B /* Utilities */ = {
			isa = PBXGroup;
			children = (
				C97F94AB2AC84E3F00A3D26B /* AppDelegate.swift */,
				C97F94AD2AC84E3F00A3D26B /* SceneDelegate.swift */,
				C97F94BF2AC84FB500A3D26B /* CRTabBarController.swift */,
			);
			path = Utilities;
			sourceTree = "<group>";
		};
		C97F94C52AC850EC00A3D26B /* ViewComponents */ = {
			isa = PBXGroup;
			children = (
				C9FDF0A42AC98050005C4CA6 /* Cells */,
				C97F94D02AC855C600A3D26B /* Labels */,
				C97F94C92AC8516500A3D26B /* ViewControllers */,
				C97F94C82AC8516000A3D26B /* Views */,
			);
			path = ViewComponents;
			sourceTree = "<group>";
		};
		C97F94C82AC8516000A3D26B /* Views */ = {
			isa = PBXGroup;
			children = (
				C97F94CA2AC851B900A3D26B /* CRCircleButton.swift */,
				C9FDF0A72AC9809F005C4CA6 /* GFAvatarImageView.swift */,
				C9FDF0BE2ACBFF38005C4CA6 /* StatisticItemView.swift */,
			);
			path = Views;
			sourceTree = "<group>";
		};
		C97F94C92AC8516500A3D26B /* ViewControllers */ = {
			isa = PBXGroup;
			children = (
				C97F94C62AC8515B00A3D26B /* CRNavBarVC.swift */,
				C9FDF0C22ACC0144005C4CA6 /* StatisticsVC.swift */,
			);
			path = ViewControllers;
			sourceTree = "<group>";
		};
		C97F94D02AC855C600A3D26B /* Labels */ = {
			isa = PBXGroup;
			children = (
				C97F94CC2AC855C200A3D26B /* GFTitleLabel.swift */,
				C97F94D42AC8563B00A3D26B /* GFSecondaryTitleLabel.swift */,
			);
			path = Labels;
			sourceTree = "<group>";
		};
		C97F94D32AC855FC00A3D26B /* Extensions */ = {
			isa = PBXGroup;
			children = (
				C9FDF0B12AC98E3E005C4CA6 /* Date+Ext.swift */,
				C9FDF0B02AC98E3E005C4CA6 /* Double+Ext.swift */,
				C9FDF0AF2AC98E3E005C4CA6 /* UIApplication+Ext.swift */,
				C97F94D12AC855EE00A3D26B /* Color+Ext.swift */,
			);
			path = Extensions;
			sourceTree = "<group>";
		};
		C9FDF0A42AC98050005C4CA6 /* Cells */ = {
			isa = PBXGroup;
			children = (
				C9FDF0A52AC98066005C4CA6 /* CoinItemCell.swift */,
			);
			path = Cells;
			sourceTree = "<group>";
		};
		C9FDF0A92AC98341005C4CA6 /* Networking */ = {
			isa = PBXGroup;
			children = (
				C9FDF0AA2AC98351005C4CA6 /* NetworkManager.swift */,
			);
			path = Networking;
			sourceTree = "<group>";
		};
		C9FDF0AC2AC984D0005C4CA6 /* Models */ = {
			isa = PBXGroup;
			children = (
				C9FDF0AD2AC984D7005C4CA6 /* Coin.swift */,
				C9FDF0BA2ACBFE12005C4CA6 /* Statistic.swift */,
				C9FDF0BC2ACBFE35005C4CA6 /* MarketData.swift */,
			);
			path = Models;
			sourceTree = "<group>";
		};
/* End PBXGroup section */

/* Begin PBXNativeTarget section */
		C97F94A72AC84E3F00A3D26B /* CryptoApp */ = {
			isa = PBXNativeTarget;
			buildConfigurationList = C97F94BC2AC84E4100A3D26B /* Build configuration list for PBXNativeTarget "CryptoApp" */;
			buildPhases = (
				C97F94A42AC84E3F00A3D26B /* Sources */,
				C97F94A52AC84E3F00A3D26B /* Frameworks */,
				C97F94A62AC84E3F00A3D26B /* Resources */,
			);
			buildRules = (
			);
			dependencies = (
			);
			name = CryptoApp;
			productName = CryptoApp;
			productReference = C97F94A82AC84E3F00A3D26B /* CryptoApp.app */;
			productType = "com.apple.product-type.application";
		};
/* End PBXNativeTarget section */

/* Begin PBXProject section */
		C97F94A02AC84E3F00A3D26B /* Project object */ = {
			isa = PBXProject;
			attributes = {
				BuildIndependentTargetsInParallel = 1;
				LastSwiftUpdateCheck = 1430;
				LastUpgradeCheck = 1430;
				TargetAttributes = {
					C97F94A72AC84E3F00A3D26B = {
						CreatedOnToolsVersion = 14.3.1;
					};
				};
			};
			buildConfigurationList = C97F94A32AC84E3F00A3D26B /* Build configuration list for PBXProject "CryptoApp" */;
			compatibilityVersion = "Xcode 14.0";
			developmentRegion = en;
			hasScannedForEncodings = 0;
			knownRegions = (
				en,
				Base,
			);
			mainGroup = C97F949F2AC84E3F00A3D26B;
			productRefGroup = C97F94A92AC84E3F00A3D26B /* Products */;
			projectDirPath = "";
			projectRoot = "";
			targets = (
				C97F94A72AC84E3F00A3D26B /* CryptoApp */,
			);
		};
/* End PBXProject section */

/* Begin PBXResourcesBuildPhase section */
		C97F94A62AC84E3F00A3D26B /* Resources */ = {
			isa = PBXResourcesBuildPhase;
			buildActionMask = 2147483647;
			files = (
				C97F94B82AC84E4100A3D26B /* LaunchScreen.storyboard in Resources */,
				C97F94B52AC84E4000A3D26B /* Assets.xcassets in Resources */,
			);
			runOnlyForDeploymentPostprocessing = 0;
		};
/* End PBXResourcesBuildPhase section */

/* Begin PBXSourcesBuildPhase section */
		C97F94A42AC84E3F00A3D26B /* Sources */ = {
			isa = PBXSourcesBuildPhase;
			buildActionMask = 2147483647;
			files = (
				C9FDF0AB2AC98351005C4CA6 /* NetworkManager.swift in Sources */,
				C97F94CE2AC855C200A3D26B /* GFTitleLabel.swift in Sources */,
				C97F94C02AC84FB500A3D26B /* CRTabBarController.swift in Sources */,
				C9FDF0B42AC98E3E005C4CA6 /* Date+Ext.swift in Sources */,
				C9FDF0A82AC9809F005C4CA6 /* GFAvatarImageView.swift in Sources */,
				C9FDF0BB2ACBFE12005C4CA6 /* Statistic.swift in Sources */,
				C97F94D22AC855EE00A3D26B /* Color+Ext.swift in Sources */,
				C97F94C22AC8500400A3D26B /* HomeVC.swift in Sources */,
				C97F94C72AC8515B00A3D26B /* CRNavBarVC.swift in Sources */,
				C9FDF0BD2ACBFE35005C4CA6 /* MarketData.swift in Sources */,
				C97F94AC2AC84E3F00A3D26B /* AppDelegate.swift in Sources */,
				C9FDF0AE2AC984D7005C4CA6 /* Coin.swift in Sources */,
				C97F94CB2AC851B900A3D26B /* CRCircleButton.swift in Sources */,
				C9FDF0BF2ACBFF38005C4CA6 /* StatisticItemView.swift in Sources */,
				C9FDF0B22AC98E3E005C4CA6 /* UIApplication+Ext.swift in Sources */,
				C9FDF0A62AC98066005C4CA6 /* CoinItemCell.swift in Sources */,
				C97F94AE2AC84E3F00A3D26B /* SceneDelegate.swift in Sources */,
				C97F94D52AC8563B00A3D26B /* GFSecondaryTitleLabel.swift in Sources */,
				C9FDF0B82ACB4ACB005C4CA6 /* PortfolioCoinsListVC.swift in Sources */,
				C9FDF0C32ACC0144005C4CA6 /* StatisticsVC.swift in Sources */,
				C9FDF0B32AC98E3E005C4CA6 /* Double+Ext.swift in Sources */,
				C9FDF0B62ACB4AC0005C4CA6 /* CoinsListVC.swift in Sources */,
			);
			runOnlyForDeploymentPostprocessing = 0;
		};
/* End PBXSourcesBuildPhase section */

/* Begin PBXVariantGroup section */
		C97F94B62AC84E4100A3D26B /* LaunchScreen.storyboard */ = {
			isa = PBXVariantGroup;
			children = (
				C97F94B72AC84E4100A3D26B /* Base */,
			);
			name = LaunchScreen.storyboard;
			sourceTree = "<group>";
		};
/* End PBXVariantGroup section */

/* Begin XCBuildConfiguration section */
		C97F94BA2AC84E4100A3D26B /* Debug */ = {
			isa = XCBuildConfiguration;
			buildSettings = {
				ALWAYS_SEARCH_USER_PATHS = NO;
				CLANG_ANALYZER_NONNULL = YES;
				CLANG_ANALYZER_NUMBER_OBJECT_CONVERSION = YES_AGGRESSIVE;
				CLANG_CXX_LANGUAGE_STANDARD = "gnu++20";
				CLANG_ENABLE_MODULES = YES;
				CLANG_ENABLE_OBJC_ARC = YES;
				CLANG_ENABLE_OBJC_WEAK = YES;
				CLANG_WARN_BLOCK_CAPTURE_AUTORELEASING = YES;
				CLANG_WARN_BOOL_CONVERSION = YES;
				CLANG_WARN_COMMA = YES;
				CLANG_WARN_CONSTANT_CONVERSION = YES;
				CLANG_WARN_DEPRECATED_OBJC_IMPLEMENTATIONS = YES;
				CLANG_WARN_DIRECT_OBJC_ISA_USAGE = YES_ERROR;
				CLANG_WARN_DOCUMENTATION_COMMENTS = YES;
				CLANG_WARN_EMPTY_BODY = YES;
				CLANG_WARN_ENUM_CONVERSION = YES;
				CLANG_WARN_INFINITE_RECURSION = YES;
				CLANG_WARN_INT_CONVERSION = YES;
				CLANG_WARN_NON_LITERAL_NULL_CONVERSION = YES;
				CLANG_WARN_OBJC_IMPLICIT_RETAIN_SELF = YES;
				CLANG_WARN_OBJC_LITERAL_CONVERSION = YES;
				CLANG_WARN_OBJC_ROOT_CLASS = YES_ERROR;
				CLANG_WARN_QUOTED_INCLUDE_IN_FRAMEWORK_HEADER = YES;
				CLANG_WARN_RANGE_LOOP_ANALYSIS = YES;
				CLANG_WARN_STRICT_PROTOTYPES = YES;
				CLANG_WARN_SUSPICIOUS_MOVE = YES;
				CLANG_WARN_UNGUARDED_AVAILABILITY = YES_AGGRESSIVE;
				CLANG_WARN_UNREACHABLE_CODE = YES;
				CLANG_WARN__DUPLICATE_METHOD_MATCH = YES;
				COPY_PHASE_STRIP = NO;
				DEBUG_INFORMATION_FORMAT = dwarf;
				ENABLE_STRICT_OBJC_MSGSEND = YES;
				ENABLE_TESTABILITY = YES;
				GCC_C_LANGUAGE_STANDARD = gnu11;
				GCC_DYNAMIC_NO_PIC = NO;
				GCC_NO_COMMON_BLOCKS = YES;
				GCC_OPTIMIZATION_LEVEL = 0;
				GCC_PREPROCESSOR_DEFINITIONS = (
					"DEBUG=1",
					"$(inherited)",
				);
				GCC_WARN_64_TO_32_BIT_CONVERSION = YES;
				GCC_WARN_ABOUT_RETURN_TYPE = YES_ERROR;
				GCC_WARN_UNDECLARED_SELECTOR = YES;
				GCC_WARN_UNINITIALIZED_AUTOS = YES_AGGRESSIVE;
				GCC_WARN_UNUSED_FUNCTION = YES;
				GCC_WARN_UNUSED_VARIABLE = YES;
				IPHONEOS_DEPLOYMENT_TARGET = 15.1;
				MTL_ENABLE_DEBUG_INFO = INCLUDE_SOURCE;
				MTL_FAST_MATH = YES;
				ONLY_ACTIVE_ARCH = YES;
				SDKROOT = iphoneos;
				SWIFT_ACTIVE_COMPILATION_CONDITIONS = DEBUG;
				SWIFT_OPTIMIZATION_LEVEL = "-Onone";
			};
			name = Debug;
		};
		C97F94BB2AC84E4100A3D26B /* Release */ = {
			isa = XCBuildConfiguration;
			buildSettings = {
				ALWAYS_SEARCH_USER_PATHS = NO;
				CLANG_ANALYZER_NONNULL = YES;
				CLANG_ANALYZER_NUMBER_OBJECT_CONVERSION = YES_AGGRESSIVE;
				CLANG_CXX_LANGUAGE_STANDARD = "gnu++20";
				CLANG_ENABLE_MODULES = YES;
				CLANG_ENABLE_OBJC_ARC = YES;
				CLANG_ENABLE_OBJC_WEAK = YES;
				CLANG_WARN_BLOCK_CAPTURE_AUTORELEASING = YES;
				CLANG_WARN_BOOL_CONVERSION = YES;
				CLANG_WARN_COMMA = YES;
				CLANG_WARN_CONSTANT_CONVERSION = YES;
				CLANG_WARN_DEPRECATED_OBJC_IMPLEMENTATIONS = YES;
				CLANG_WARN_DIRECT_OBJC_ISA_USAGE = YES_ERROR;
				CLANG_WARN_DOCUMENTATION_COMMENTS = YES;
				CLANG_WARN_EMPTY_BODY = YES;
				CLANG_WARN_ENUM_CONVERSION = YES;
				CLANG_WARN_INFINITE_RECURSION = YES;
				CLANG_WARN_INT_CONVERSION = YES;
				CLANG_WARN_NON_LITERAL_NULL_CONVERSION = YES;
				CLANG_WARN_OBJC_IMPLICIT_RETAIN_SELF = YES;
				CLANG_WARN_OBJC_LITERAL_CONVERSION = YES;
				CLANG_WARN_OBJC_ROOT_CLASS = YES_ERROR;
				CLANG_WARN_QUOTED_INCLUDE_IN_FRAMEWORK_HEADER = YES;
				CLANG_WARN_RANGE_LOOP_ANALYSIS = YES;
				CLANG_WARN_STRICT_PROTOTYPES = YES;
				CLANG_WARN_SUSPICIOUS_MOVE = YES;
				CLANG_WARN_UNGUARDED_AVAILABILITY = YES_AGGRESSIVE;
				CLANG_WARN_UNREACHABLE_CODE = YES;
				CLANG_WARN__DUPLICATE_METHOD_MATCH = YES;
				COPY_PHASE_STRIP = NO;
				DEBUG_INFORMATION_FORMAT = "dwarf-with-dsym";
				ENABLE_NS_ASSERTIONS = NO;
				ENABLE_STRICT_OBJC_MSGSEND = YES;
				GCC_C_LANGUAGE_STANDARD = gnu11;
				GCC_NO_COMMON_BLOCKS = YES;
				GCC_WARN_64_TO_32_BIT_CONVERSION = YES;
				GCC_WARN_ABOUT_RETURN_TYPE = YES_ERROR;
				GCC_WARN_UNDECLARED_SELECTOR = YES;
				GCC_WARN_UNINITIALIZED_AUTOS = YES_AGGRESSIVE;
				GCC_WARN_UNUSED_FUNCTION = YES;
				GCC_WARN_UNUSED_VARIABLE = YES;
				IPHONEOS_DEPLOYMENT_TARGET = 15.1;
				MTL_ENABLE_DEBUG_INFO = NO;
				MTL_FAST_MATH = YES;
				SDKROOT = iphoneos;
				SWIFT_COMPILATION_MODE = wholemodule;
				SWIFT_OPTIMIZATION_LEVEL = "-O";
				VALIDATE_PRODUCT = YES;
			};
			name = Release;
		};
		C97F94BD2AC84E4100A3D26B /* Debug */ = {
			isa = XCBuildConfiguration;
			buildSettings = {
				ASSETCATALOG_COMPILER_APPICON_NAME = AppIcon;
				ASSETCATALOG_COMPILER_GLOBAL_ACCENT_COLOR_NAME = AccentColor;
				CODE_SIGN_STYLE = Automatic;
				CURRENT_PROJECT_VERSION = 1;
				DEVELOPMENT_TEAM = G8MSA22VSU;
				GENERATE_INFOPLIST_FILE = YES;
				INFOPLIST_FILE = CryptoApp/Info.plist;
				INFOPLIST_KEY_UIApplicationSupportsIndirectInputEvents = YES;
				INFOPLIST_KEY_UILaunchStoryboardName = LaunchScreen;
				INFOPLIST_KEY_UISupportedInterfaceOrientations = UIInterfaceOrientationPortrait;
				INFOPLIST_KEY_UISupportedInterfaceOrientations_iPad = "UIInterfaceOrientationLandscapeLeft UIInterfaceOrientationLandscapeRight UIInterfaceOrientationPortrait UIInterfaceOrientationPortraitUpsideDown";
				IPHONEOS_DEPLOYMENT_TARGET = 15.1;
				LD_RUNPATH_SEARCH_PATHS = (
					"$(inherited)",
					"@executable_path/Frameworks",
				);
				MARKETING_VERSION = 1.0;
				PRODUCT_BUNDLE_IDENTIFIER = com.alpaycalalli.CryptoApp;
				PRODUCT_NAME = "$(TARGET_NAME)";
				SWIFT_EMIT_LOC_STRINGS = YES;
				SWIFT_VERSION = 5.0;
				TARGETED_DEVICE_FAMILY = "1,2";
			};
			name = Debug;
		};
		C97F94BE2AC84E4100A3D26B /* Release */ = {
			isa = XCBuildConfiguration;
			buildSettings = {
				ASSETCATALOG_COMPILER_APPICON_NAME = AppIcon;
				ASSETCATALOG_COMPILER_GLOBAL_ACCENT_COLOR_NAME = AccentColor;
				CODE_SIGN_STYLE = Automatic;
				CURRENT_PROJECT_VERSION = 1;
				DEVELOPMENT_TEAM = G8MSA22VSU;
				GENERATE_INFOPLIST_FILE = YES;
				INFOPLIST_FILE = CryptoApp/Info.plist;
				INFOPLIST_KEY_UIApplicationSupportsIndirectInputEvents = YES;
				INFOPLIST_KEY_UILaunchStoryboardName = LaunchScreen;
				INFOPLIST_KEY_UISupportedInterfaceOrientations = UIInterfaceOrientationPortrait;
				INFOPLIST_KEY_UISupportedInterfaceOrientations_iPad = "UIInterfaceOrientationLandscapeLeft UIInterfaceOrientationLandscapeRight UIInterfaceOrientationPortrait UIInterfaceOrientationPortraitUpsideDown";
				IPHONEOS_DEPLOYMENT_TARGET = 15.1;
				LD_RUNPATH_SEARCH_PATHS = (
					"$(inherited)",
					"@executable_path/Frameworks",
				);
				MARKETING_VERSION = 1.0;
				PRODUCT_BUNDLE_IDENTIFIER = com.alpaycalalli.CryptoApp;
				PRODUCT_NAME = "$(TARGET_NAME)";
				SWIFT_EMIT_LOC_STRINGS = YES;
				SWIFT_VERSION = 5.0;
				TARGETED_DEVICE_FAMILY = "1,2";
			};
			name = Release;
		};
/* End XCBuildConfiguration section */

/* Begin XCConfigurationList section */
		C97F94A32AC84E3F00A3D26B /* Build configuration list for PBXProject "CryptoApp" */ = {
			isa = XCConfigurationList;
			buildConfigurations = (
				C97F94BA2AC84E4100A3D26B /* Debug */,
				C97F94BB2AC84E4100A3D26B /* Release */,
			);
			defaultConfigurationIsVisible = 0;
			defaultConfigurationName = Release;
		};
		C97F94BC2AC84E4100A3D26B /* Build configuration list for PBXNativeTarget "CryptoApp" */ = {
			isa = XCConfigurationList;
			buildConfigurations = (
				C97F94BD2AC84E4100A3D26B /* Debug */,
				C97F94BE2AC84E4100A3D26B /* Release */,
			);
			defaultConfigurationIsVisible = 0;
			defaultConfigurationName = Release;
		};
/* End XCConfigurationList section */
	};
	rootObject = C97F94A02AC84E3F00A3D26B /* Project object */;
}
